
Microsoft Visual Studio Solution File, Format Version 12.00
# Visual Studio Version 17
VisualStudioVersion = 17.1.32421.90
MinimumVisualStudioVersion = 10.0.40219.1
Project("{FAE04EC0-301F-11D3-BF4B-00C04F79EFBC}") = "CodeGen.API", "CodeGen.API\CodeGen.API.csproj", "{6C6A327B-8EBD-478A-BADF-2F96A9C133A0}"
EndProject
Project("{FAE04EC0-301F-11D3-BF4B-00C04F79EFBC}") = "CodeGen.Application", "CodeGen.Application\CodeGen.Application.csproj", "{7AECC73C-3E27-449E-8773-2957FC0AF8A0}"
EndProject
Project("{FAE04EC0-301F-11D3-BF4B-00C04F79EFBC}") = "CodeGen.Domain", "CodeGen.Domain\CodeGen.Domain.csproj", "{6DFA583B-1EB1-4EF2-92DB-1C1D30F641A9}"
EndProject
Project("{FAE04EC0-301F-11D3-BF4B-00C04F79EFBC}") = "CodeGen.Infrastructure", "CodeGen.Infrastructure\CodeGen.Infrastructure.csproj", "{140270C2-108B-4E32-B9B1-239767E34F12}"
EndProject
Global
	GlobalSection(SolutionConfigurationPlatforms) = preSolution
		Debug|Any CPU = Debug|Any CPU
		Release|Any CPU = Release|Any CPU
	EndGlobalSection
	GlobalSection(ProjectConfigurationPlatforms) = postSolution
		{6C6A327B-8EBD-478A-BADF-2F96A9C133A0}.Debug|Any CPU.ActiveCfg = Debug|Any CPU
		{6C6A327B-8EBD-478A-BADF-2F96A9C133A0}.Debug|Any CPU.Build.0 = Debug|Any CPU
		{6C6A327B-8EBD-478A-BADF-2F96A9C133A0}.Release|Any CPU.ActiveCfg = Release|Any CPU
		{6C6A327B-8EBD-478A-BADF-2F96A9C133A0}.Release|Any CPU.Build.0 = Release|Any CPU
		{7AECC73C-3E27-449E-8773-2957FC0AF8A0}.Debug|Any CPU.ActiveCfg = Debug|Any CPU
		{7AECC73C-3E27-449E-8773-2957FC0AF8A0}.Debug|Any CPU.Build.0 = Debug|Any CPU
		{7AECC73C-3E27-449E-8773-2957FC0AF8A0}.Release|Any CPU.ActiveCfg = Release|Any CPU
		{7AECC73C-3E27-449E-8773-2957FC0AF8A0}.Release|Any CPU.Build.0 = Release|Any CPU
		{6DFA583B-1EB1-4EF2-92DB-1C1D30F641A9}.Debug|Any CPU.ActiveCfg = Debug|Any CPU
		{6DFA583B-1EB1-4EF2-92DB-1C1D30F641A9}.Debug|Any CPU.Build.0 = Debug|Any CPU
		{6DFA583B-1EB1-4EF2-92DB-1C1D30F641A9}.Release|Any CPU.ActiveCfg = Release|Any CPU
		{6DFA583B-1EB1-4EF2-92DB-1C1D30F641A9}.Release|Any CPU.Build.0 = Release|Any CPU
		{140270C2-108B-4E32-B9B1-239767E34F12}.Debug|Any CPU.ActiveCfg = Debug|Any CPU
		{140270C2-108B-4E32-B9B1-239767E34F12}.Debug|Any CPU.Build.0 = Debug|Any CPU
		{140270C2-108B-4E32-B9B1-239767E34F12}.Release|Any CPU.ActiveCfg = Release|Any CPU
		{140270C2-108B-4E32-B9B1-239767E34F12}.Release|Any CPU.Build.0 = Release|Any CPU
	EndGlobalSection
	GlobalSection(SolutionProperties) = preSolution
		HideSolutionNode = FALSE
	EndGlobalSection
	GlobalSection(ExtensibilityGlobals) = postSolution
		SolutionGuid = {6B9CF9A8-1986-4CB5-937E-D028200A8477}
	EndGlobalSection
EndGlobal
